// !$*UTF8*$!
{
	archiveVersion = 1;
	classes = {
	};
	objectVersion = 50;
	objects = {

/* Begin PBXBuildFile section */
		16F3947523F7CD9C0076CB88 /* AppDelegate.swift in Sources */ = {isa = PBXBuildFile; fileRef = 16F3947423F7CD9C0076CB88 /* AppDelegate.swift */; };
		16F3947723F7CD9C0076CB88 /* SceneDelegate.swift in Sources */ = {isa = PBXBuildFile; fileRef = 16F3947623F7CD9C0076CB88 /* SceneDelegate.swift */; };
		16F3947923F7CD9C0076CB88 /* ViewController.swift in Sources */ = {isa = PBXBuildFile; fileRef = 16F3947823F7CD9C0076CB88 /* ViewController.swift */; };
		16F3947C23F7CD9C0076CB88 /* Main.storyboard in Resources */ = {isa = PBXBuildFile; fileRef = 16F3947A23F7CD9C0076CB88 /* Main.storyboard */; };
		16F3947E23F7CD9E0076CB88 /* Assets.xcassets in Resources */ = {isa = PBXBuildFile; fileRef = 16F3947D23F7CD9E0076CB88 /* Assets.xcassets */; };
		16F3948123F7CD9E0076CB88 /* LaunchScreen.storyboard in Resources */ = {isa = PBXBuildFile; fileRef = 16F3947F23F7CD9E0076CB88 /* LaunchScreen.storyboard */; };
		B1E3E16623E681B6E3C74198 /* Pods_DrawTogether.framework in Frameworks */ = {isa = PBXBuildFile; fileRef = 15BAB6E6429725D6B4BF4A87 /* Pods_DrawTogether.framework */; };
/* End PBXBuildFile section */

/* Begin PBXFileReference section */
		15BAB6E6429725D6B4BF4A87 /* Pods_DrawTogether.framework */ = {isa = PBXFileReference; explicitFileType = wrapper.framework; includeInIndex = 0; path = Pods_DrawTogether.framework; sourceTree = BUILT_PRODUCTS_DIR; };
		16F3947123F7CD9C0076CB88 /* DrawTogether.app */ = {isa = PBXFileReference; explicitFileType = wrapper.application; includeInIndex = 0; path = DrawTogether.app; sourceTree = BUILT_PRODUCTS_DIR; };
		16F3947423F7CD9C0076CB88 /* AppDelegate.swift */ = {isa = PBXFileReference; lastKnownFileType = sourcecode.swift; path = AppDelegate.swift; sourceTree = "<group>"; };
		16F3947623F7CD9C0076CB88 /* SceneDelegate.swift */ = {isa = PBXFileReference; lastKnownFileType = sourcecode.swift; path = SceneDelegate.swift; sourceTree = "<group>"; };
		16F3947823F7CD9C0076CB88 /* ViewController.swift */ = {isa = PBXFileReference; lastKnownFileType = sourcecode.swift; path = ViewController.swift; sourceTree = "<group>"; };
		16F3947B23F7CD9C0076CB88 /* Base */ = {isa = PBXFileReference; lastKnownFileType = file.storyboard; name = Base; path = Base.lproj/Main.storyboard; sourceTree = "<group>"; };
		16F3947D23F7CD9E0076CB88 /* Assets.xcassets */ = {isa = PBXFileReference; lastKnownFileType = folder.assetcatalog; path = Assets.xcassets; sourceTree = "<group>"; };
		16F3948023F7CD9E0076CB88 /* Base */ = {isa = PBXFileReference; lastKnownFileType = file.storyboard; name = Base; path = Base.lproj/LaunchScreen.storyboard; sourceTree = "<group>"; };
		16F3948223F7CD9E0076CB88 /* Info.plist */ = {isa = PBXFileReference; lastKnownFileType = text.plist.xml; path = Info.plist; sourceTree = "<group>"; };
		769BDD9FE1405A6FABDB91A1 /* Pods-DrawTogether.debug.xcconfig */ = {isa = PBXFileReference; includeInIndex = 1; lastKnownFileType = text.xcconfig; name = "Pods-DrawTogether.debug.xcconfig"; path = "Target Support Files/Pods-DrawTogether/Pods-DrawTogether.debug.xcconfig"; sourceTree = "<group>"; };
		789EE0B19E3F4979277C6BBA /* Pods-DrawTogether.release.xcconfig */ = {isa = PBXFileReference; includeInIndex = 1; lastKnownFileType = text.xcconfig; name = "Pods-DrawTogether.release.xcconfig"; path = "Target Support Files/Pods-DrawTogether/Pods-DrawTogether.release.xcconfig"; sourceTree = "<group>"; };
/* End PBXFileReference section */

/* Begin PBXFrameworksBuildPhase section */
		16F3946E23F7CD9C0076CB88 /* Frameworks */ = {
			isa = PBXFrameworksBuildPhase;
			buildActionMask = 2147483647;
			files = (
				B1E3E16623E681B6E3C74198 /* Pods_DrawTogether.framework in Frameworks */,
			);
			runOnlyForDeploymentPostprocessing = 0;
		};
/* End PBXFrameworksBuildPhase section */

/* Begin PBXGroup section */
		16F3946823F7CD9C0076CB88 = {
			isa = PBXGroup;
			children = (
				16F3947323F7CD9C0076CB88 /* DrawTogether */,
				16F3947223F7CD9C0076CB88 /* Products */,
				FC378E527D4F39D03E217E43 /* Pods */,
				C18AFCC10A7396B5972950D9 /* Frameworks */,
			);
			sourceTree = "<group>";
		};
		16F3947223F7CD9C0076CB88 /* Products */ = {
			isa = PBXGroup;
			children = (
				16F3947123F7CD9C0076CB88 /* DrawTogether.app */,
			);
			name = Products;
			sourceTree = "<group>";
		};
		16F3947323F7CD9C0076CB88 /* DrawTogether */ = {
			isa = PBXGroup;
			children = (
				16F3947423F7CD9C0076CB88 /* AppDelegate.swift */,
				16F3947623F7CD9C0076CB88 /* SceneDelegate.swift */,
				16F3947823F7CD9C0076CB88 /* ViewController.swift */,
				16F3947A23F7CD9C0076CB88 /* Main.storyboard */,
				16F3947D23F7CD9E0076CB88 /* Assets.xcassets */,
				16F3947F23F7CD9E0076CB88 /* LaunchScreen.storyboard */,
				16F3948223F7CD9E0076CB88 /* Info.plist */,
			);
			path = DrawTogether;
			sourceTree = "<group>";
		};
		C18AFCC10A7396B5972950D9 /* Frameworks */ = {
			isa = PBXGroup;
			children = (
				15BAB6E6429725D6B4BF4A87 /* Pods_DrawTogether.framework */,
			);
			name = Frameworks;
			sourceTree = "<group>";
		};
		FC378E527D4F39D03E217E43 /* Pods */ = {
			isa = PBXGroup;
			children = (
				769BDD9FE1405A6FABDB91A1 /* Pods-DrawTogether.debug.xcconfig */,
				789EE0B19E3F4979277C6BBA /* Pods-DrawTogether.release.xcconfig */,
			);
			name = Pods;
			path = Pods;
			sourceTree = "<group>";
		};
/* End PBXGroup section */

/* Begin PBXNativeTarget section */
		16F3947023F7CD9C0076CB88 /* DrawTogether */ = {
			isa = PBXNativeTarget;
			buildConfigurationList = 16F3948523F7CD9E0076CB88 /* Build configuration list for PBXNativeTarget "DrawTogether" */;
			buildPhases = (
				68D9C735499BF08D0E4FDF78 /* [CP] Check Pods Manifest.lock */,
				16F3946D23F7CD9C0076CB88 /* Sources */,
				16F3946E23F7CD9C0076CB88 /* Frameworks */,
				16F3946F23F7CD9C0076CB88 /* Resources */,
				DD658AB120CC2587B627996E /* [CP] Embed Pods Frameworks */,
			);
			buildRules = (
			);
			dependencies = (
			);
			name = DrawTogether;
			productName = DrawTogether;
			productReference = 16F3947123F7CD9C0076CB88 /* DrawTogether.app */;
			productType = "com.apple.product-type.application";
		};
/* End PBXNativeTarget section */

/* Begin PBXProject section */
		16F3946923F7CD9C0076CB88 /* Project object */ = {
			isa = PBXProject;
			attributes = {
				LastSwiftUpdateCheck = 1130;
				LastUpgradeCheck = 1130;
				ORGANIZATIONNAME = Lacie;
				TargetAttributes = {
					16F3947023F7CD9C0076CB88 = {
						CreatedOnToolsVersion = 11.3.1;
					};
				};
			};
			buildConfigurationList = 16F3946C23F7CD9C0076CB88 /* Build configuration list for PBXProject "DrawTogether" */;
			compatibilityVersion = "Xcode 9.3";
			developmentRegion = en;
			hasScannedForEncodings = 0;
			knownRegions = (
				en,
				Base,
			);
			mainGroup = 16F3946823F7CD9C0076CB88;
			productRefGroup = 16F3947223F7CD9C0076CB88 /* Products */;
			projectDirPath = "";
			projectRoot = "";
			targets = (
				16F3947023F7CD9C0076CB88 /* DrawTogether */,
			);
		};
/* End PBXProject section */

/* Begin PBXResourcesBuildPhase section */
		16F3946F23F7CD9C0076CB88 /* Resources */ = {
			isa = PBXResourcesBuildPhase;
			buildActionMask = 2147483647;
			files = (
				16F3948123F7CD9E0076CB88 /* LaunchScreen.storyboard in Resources */,
				16F3947E23F7CD9E0076CB88 /* Assets.xcassets in Resources */,
				16F3947C23F7CD9C0076CB88 /* Main.storyboard in Resources */,
			);
			runOnlyForDeploymentPostprocessing = 0;
		};
/* End PBXResourcesBuildPhase section */

/* Begin PBXShellScriptBuildPhase section */
		68D9C735499BF08D0E4FDF78 /* [CP] Check Pods Manifest.lock */ = {
			isa = PBXShellScriptBuildPhase;
			buildActionMask = 2147483647;
			files = (
			);
			inputFileListPaths = (
			);
			inputPaths = (
				"${PODS_PODFILE_DIR_PATH}/Podfile.lock",
				"${PODS_ROOT}/Manifest.lock",
			);
			name = "[CP] Check Pods Manifest.lock";
			outputFileListPaths = (
			);
			outputPaths = (
				"$(DERIVED_FILE_DIR)/Pods-DrawTogether-checkManifestLockResult.txt",
			);
			runOnlyForDeploymentPostprocessing = 0;
			shellPath = /bin/sh;
			shellScript = "diff \"${PODS_PODFILE_DIR_PATH}/Podfile.lock\" \"${PODS_ROOT}/Manifest.lock\" > /dev/null\nif [ $? != 0 ] ; then\n    # print error to STDERR\n    echo \"error: The sandbox is not in sync with the Podfile.lock. Run 'pod install' or update your CocoaPods installation.\" >&2\n    exit 1\nfi\n# This output is used by Xcode 'outputs' to avoid re-running this script phase.\necho \"SUCCESS\" > \"${SCRIPT_OUTPUT_FILE_0}\"\n";
			showEnvVarsInLog = 0;
		};
		DD658AB120CC2587B627996E /* [CP] Embed Pods Frameworks */ = {
			isa = PBXShellScriptBuildPhase;
			buildActionMask = 2147483647;
			files = (
			);
			inputFileListPaths = (
				"${PODS_ROOT}/Target Support Files/Pods-DrawTogether/Pods-DrawTogether-frameworks-${CONFIGURATION}-input-files.xcfilelist",
			);
			name = "[CP] Embed Pods Frameworks";
			outputFileListPaths = (
				"${PODS_ROOT}/Target Support Files/Pods-DrawTogether/Pods-DrawTogether-frameworks-${CONFIGURATION}-output-files.xcfilelist",
			);
			runOnlyForDeploymentPostprocessing = 0;
			shellPath = /bin/sh;
			shellScript = "\"${PODS_ROOT}/Target Support Files/Pods-DrawTogether/Pods-DrawTogether-frameworks.sh\"\n";
			showEnvVarsInLog = 0;
		};
/* End PBXShellScriptBuildPhase section */

/* Begin PBXSourcesBuildPhase section */
		16F3946D23F7CD9C0076CB88 /* Sources */ = {
			isa = PBXSourcesBuildPhase;
			buildActionMask = 2147483647;
			files = (
				16F3947923F7CD9C0076CB88 /* ViewController.swift in Sources */,
				16F3947523F7CD9C0076CB88 /* AppDelegate.swift in Sources */,
				16F3947723F7CD9C0076CB88 /* SceneDelegate.swift in Sources */,
			);
			runOnlyForDeploymentPostprocessing = 0;
		};
/* End PBXSourcesBuildPhase section */

/* Begin PBXVariantGroup section */
		16F3947A23F7CD9C0076CB88 /* Main.storyboard */ = {
			isa = PBXVariantGroup;
			children = (
				16F3947B23F7CD9C0076CB88 /* Base */,
			);
			name = Main.storyboard;
			sourceTree = "<group>";
		};
		16F3947F23F7CD9E0076CB88 /* LaunchScreen.storyboard */ = {
			isa = PBXVariantGroup;
			children = (
				16F3948023F7CD9E0076CB88 /* Base */,
			);
			name = LaunchScreen.storyboard;
			sourceTree = "<group>";
		};
/* End PBXVariantGroup section */

/* Begin XCBuildConfiguration section */
		16F3948323F7CD9E0076CB88 /* Debug */ = {
			isa = XCBuildConfiguration;
			buildSettings = {
				ALWAYS_SEARCH_USER_PATHS = NO;
				CLANG_ANALYZER_NONNULL = YES;
				CLANG_ANALYZER_NUMBER_OBJECT_CONVERSION = YES_AGGRESSIVE;
				CLANG_CXX_LANGUAGE_STANDARD = "gnu++14";
				CLANG_CXX_LIBRARY = "libc++";
				CLANG_ENABLE_MODULES = YES;
				CLANG_ENABLE_OBJC_ARC = YES;
				CLANG_ENABLE_OBJC_WEAK = YES;
				CLANG_WARN_BLOCK_CAPTURE_AUTORELEASING = YES;
				CLANG_WARN_BOOL_CONVERSION = YES;
				CLANG_WARN_COMMA = YES;
				CLANG_WARN_CONSTANT_CONVERSION = YES;
				CLANG_WARN_DEPRECATED_OBJC_IMPLEMENTATIONS = YES;
				CLANG_WARN_DIRECT_OBJC_ISA_USAGE = YES_ERROR;
				CLANG_WARN_DOCUMENTATION_COMMENTS = YES;
				CLANG_WARN_EMPTY_BODY = YES;
				CLANG_WARN_ENUM_CONVERSION = YES;
				CLANG_WARN_INFINITE_RECURSION = YES;
				CLANG_WARN_INT_CONVERSION = YES;
				CLANG_WARN_NON_LITERAL_NULL_CONVERSION = YES;
				CLANG_WARN_OBJC_IMPLICIT_RETAIN_SELF = YES;
				CLANG_WARN_OBJC_LITERAL_CONVERSION = YES;
				CLANG_WARN_OBJC_ROOT_CLASS = YES_ERROR;
				CLANG_WARN_RANGE_LOOP_ANALYSIS = YES;
				CLANG_WARN_STRICT_PROTOTYPES = YES;
				CLANG_WARN_SUSPICIOUS_MOVE = YES;
				CLANG_WARN_UNGUARDED_AVAILABILITY = YES_AGGRESSIVE;
				CLANG_WARN_UNREACHABLE_CODE = YES;
				CLANG_WARN__DUPLICATE_METHOD_MATCH = YES;
				COPY_PHASE_STRIP = NO;
				DEBUG_INFORMATION_FORMAT = dwarf;
				ENABLE_STRICT_OBJC_MSGSEND = YES;
				ENABLE_TESTABILITY = YES;
				GCC_C_LANGUAGE_STANDARD = gnu11;
				GCC_DYNAMIC_NO_PIC = NO;
				GCC_NO_COMMON_BLOCKS = YES;
				GCC_OPTIMIZATION_LEVEL = 0;
				GCC_PREPROCESSOR_DEFINITIONS = (
					"DEBUG=1",
					"$(inherited)",
				);
				GCC_WARN_64_TO_32_BIT_CONVERSION = YES;
				GCC_WARN_ABOUT_RETURN_TYPE = YES_ERROR;
				GCC_WARN_UNDECLARED_SELECTOR = YES;
				GCC_WARN_UNINITIALIZED_AUTOS = YES_AGGRESSIVE;
				GCC_WARN_UNUSED_FUNCTION = YES;
				GCC_WARN_UNUSED_VARIABLE = YES;
				IPHONEOS_DEPLOYMENT_TARGET = 13.2;
				MTL_ENABLE_DEBUG_INFO = INCLUDE_SOURCE;
				MTL_FAST_MATH = YES;
				ONLY_ACTIVE_ARCH = YES;
				SDKROOT = iphoneos;
				SWIFT_ACTIVE_COMPILATION_CONDITIONS = DEBUG;
				SWIFT_OPTIMIZATION_LEVEL = "-Onone";
			};
			name = Debug;
		};
		16F3948423F7CD9E0076CB88 /* Release */ = {
			isa = XCBuildConfiguration;
			buildSettings = {
				ALWAYS_SEARCH_USER_PATHS = NO;
				CLANG_ANALYZER_NONNULL = YES;
				CLANG_ANALYZER_NUMBER_OBJECT_CONVERSION = YES_AGGRESSIVE;
				CLANG_CXX_LANGUAGE_STANDARD = "gnu++14";
				CLANG_CXX_LIBRARY = "libc++";
				CLANG_ENABLE_MODULES = YES;
				CLANG_ENABLE_OBJC_ARC = YES;
				CLANG_ENABLE_OBJC_WEAK = YES;
				CLANG_WARN_BLOCK_CAPTURE_AUTORELEASING = YES;
				CLANG_WARN_BOOL_CONVERSION = YES;
				CLANG_WARN_COMMA = YES;
				CLANG_WARN_CONSTANT_CONVERSION = YES;
				CLANG_WARN_DEPRECATED_OBJC_IMPLEMENTATIONS = YES;
				CLANG_WARN_DIRECT_OBJC_ISA_USAGE = YES_ERROR;
				CLANG_WARN_DOCUMENTATION_COMMENTS = YES;
				CLANG_WARN_EMPTY_BODY = YES;
				CLANG_WARN_ENUM_CONVERSION = YES;
				CLANG_WARN_INFINITE_RECURSION = YES;
				CLANG_WARN_INT_CONVERSION = YES;
				CLANG_WARN_NON_LITERAL_NULL_CONVERSION = YES;
				CLANG_WARN_OBJC_IMPLICIT_RETAIN_SELF = YES;
				CLANG_WARN_OBJC_LITERAL_CONVERSION = YES;
				CLANG_WARN_OBJC_ROOT_CLASS = YES_ERROR;
				CLANG_WARN_RANGE_LOOP_ANALYSIS = YES;
				CLANG_WARN_STRICT_PROTOTYPES = YES;
				CLANG_WARN_SUSPICIOUS_MOVE = YES;
				CLANG_WARN_UNGUARDED_AVAILABILITY = YES_AGGRESSIVE;
				CLANG_WARN_UNREACHABLE_CODE = YES;
				CLANG_WARN__DUPLICATE_METHOD_MATCH = YES;
				COPY_PHASE_STRIP = NO;
				DEBUG_INFORMATION_FORMAT = "dwarf-with-dsym";
				ENABLE_NS_ASSERTIONS = NO;
				ENABLE_STRICT_OBJC_MSGSEND = YES;
				GCC_C_LANGUAGE_STANDARD = gnu11;
				GCC_NO_COMMON_BLOCKS = YES;
				GCC_WARN_64_TO_32_BIT_CONVERSION = YES;
				GCC_WARN_ABOUT_RETURN_TYPE = YES_ERROR;
				GCC_WARN_UNDECLARED_SELECTOR = YES;
				GCC_WARN_UNINITIALIZED_AUTOS = YES_AGGRESSIVE;
				GCC_WARN_UNUSED_FUNCTION = YES;
				GCC_WARN_UNUSED_VARIABLE = YES;
				IPHONEOS_DEPLOYMENT_TARGET = 13.2;
				MTL_ENABLE_DEBUG_INFO = NO;
				MTL_FAST_MATH = YES;
				SDKROOT = iphoneos;
				SWIFT_COMPILATION_MODE = wholemodule;
				SWIFT_OPTIMIZATION_LEVEL = "-O";
				VALIDATE_PRODUCT = YES;
			};
			name = Release;
		};
		16F3948623F7CD9E0076CB88 /* Debug */ = {
			isa = XCBuildConfiguration;
			baseConfigurationReference = 769BDD9FE1405A6FABDB91A1 /* Pods-DrawTogether.debug.xcconfig */;
			buildSettings = {
				ASSETCATALOG_COMPILER_APPICON_NAME = AppIcon;
				CODE_SIGN_STYLE = Automatic;
				DEVELOPMENT_TEAM = LNL6T3MTH9;
				INFOPLIST_FILE = DrawTogether/Info.plist;
				LD_RUNPATH_SEARCH_PATHS = (
					"$(inherited)",
					"@executable_path/Frameworks",
				);
				PRODUCT_BUNDLE_IDENTIFIER = com.Lacie.DrawTogether;
				PRODUCT_NAME = "$(TARGET_NAME)";
				SWIFT_VERSION = 5.0;
				TARGETED_DEVICE_FAMILY = "1,2";
			};
			name = Debug;
		};
		16F3948723F7CD9E0076CB88 /* Release */ = {
			isa = XCBuildConfiguration;
			baseConfigurationReference = 789EE0B19E3F4979277C6BBA /* Pods-DrawTogether.release.xcconfig */;
			buildSettings = {
				ASSETCATALOG_COMPILER_APPICON_NAME = AppIcon;
				CODE_SIGN_STYLE = Automatic;
				DEVELOPMENT_TEAM = LNL6T3MTH9;
				INFOPLIST_FILE = DrawTogether/Info.plist;
				LD_RUNPATH_SEARCH_PATHS = (
					"$(inherited)",
					"@executable_path/Frameworks",
				);
				PRODUCT_BUNDLE_IDENTIFIER = com.Lacie.DrawTogether;
				PRODUCT_NAME = "$(TARGET_NAME)";
				SWIFT_VERSION = 5.0;
				TARGETED_DEVICE_FAMILY = "1,2";
			};
			name = Release;
		};
/* End XCBuildConfiguration section */

/* Begin XCConfigurationList section */
		16F3946C23F7CD9C0076CB88 /* Build configuration list for PBXProject "DrawTogether" */ = {
			isa = XCConfigurationList;
			buildConfigurations = (
				16F3948323F7CD9E0076CB88 /* Debug */,
				16F3948423F7CD9E0076CB88 /* Release */,
			);
			defaultConfigurationIsVisible = 0;
			defaultConfigurationName = Release;
		};
		16F3948523F7CD9E0076CB88 /* Build configuration list for PBXNativeTarget "DrawTogether" */ = {
			isa = XCConfigurationList;
			buildConfigurations = (
				16F3948623F7CD9E0076CB88 /* Debug */,
				16F3948723F7CD9E0076CB88 /* Release */,
			);
			defaultConfigurationIsVisible = 0;
			defaultConfigurationName = Release;
		};
/* End XCConfigurationList section */
	};
	rootObject = 16F3946923F7CD9C0076CB88 /* Project object */;
}
